
Microsoft Visual Studio Solution File, Format Version 12.00
# Visual Studio Version 16
VisualStudioVersion = 16.0.31613.86
MinimumVisualStudioVersion = 10.0.40219.1
Project("{FAE04EC0-301F-11D3-BF4B-00C04F79EFBC}") = "BookStoreBackend", "BookStoreBackend.csproj", "{B13BAFDF-5B38-4B92-AE59-0C0886530B94}"
EndProject
Global
	GlobalSection(SolutionConfigurationPlatforms) = preSolution
		Debug|Any CPU = Debug|Any CPU
		Release|Any CPU = Release|Any CPU
	EndGlobalSection
	GlobalSection(ProjectConfigurationPlatforms) = postSolution
		{B13BAFDF-5B38-4B92-AE59-0C0886530B94}.Debug|Any CPU.ActiveCfg = Debug|Any CPU
		{B13BAFDF-5B38-4B92-AE59-0C0886530B94}.Debug|Any CPU.Build.0 = Debug|Any CPU
		{B13BAFDF-5B38-4B92-AE59-0C0886530B94}.Release|Any CPU.ActiveCfg = Release|Any CPU
		{B13BAFDF-5B38-4B92-AE59-0C0886530B94}.Release|Any CPU.Build.0 = Release|Any CPU
	EndGlobalSection
	GlobalSection(SolutionProperties) = preSolution
		HideSolutionNode = FALSE
	EndGlobalSection
	GlobalSection(ExtensibilityGlobals) = postSolution
		SolutionGuid = {2DA56E1F-2064-4498-95E4-C8A2968E1835}
	EndGlobalSection
EndGlobal
